
Microsoft Visual Studio Solution File, Format Version 12.00
Project("{FAE04EC0-301F-11D3-BF4B-00C04F79EFBC}") = "AppHost", "AppHost\AppHost.csproj", "{3FA66F79-3EB9-4667-908F-064C9D82092F}"
EndProject
Project("{FAE04EC0-301F-11D3-BF4B-00C04F79EFBC}") = "Library", "Library\Library.csproj", "{C054EFE7-65F4-457E-BF66-5B8E41040609}"
EndProject
Project("{FAE04EC0-301F-11D3-BF4B-00C04F79EFBC}") = "PrimaryAPI", "PrimaryAPI\PrimaryAPI.csproj", "{09CD3BA6-B67E-4AAD-8C56-0351949B0F83}"
EndProject
Project("{FAE04EC0-301F-11D3-BF4B-00C04F79EFBC}") = "SecondaryAPI", "SecondaryAPI\SecondaryAPI.csproj", "{B7D245A7-17C4-4189-A60D-9CD19161FEEC}"
EndProject
Project("{FAE04EC0-301F-11D3-BF4B-00C04F79EFBC}") = "ServiceDefaults", "ServiceDefaults\ServiceDefaults.csproj", "{3ABE58EE-03E3-42E4-AA15-C5591263788D}"
EndProject
Global
	GlobalSection(SolutionConfigurationPlatforms) = preSolution
		Debug|Any CPU = Debug|Any CPU
		Release|Any CPU = Release|Any CPU
	EndGlobalSection
	GlobalSection(ProjectConfigurationPlatforms) = postSolution
		{3FA66F79-3EB9-4667-908F-064C9D82092F}.Debug|Any CPU.ActiveCfg = Debug|Any CPU
		{3FA66F79-3EB9-4667-908F-064C9D82092F}.Debug|Any CPU.Build.0 = Debug|Any CPU
		{3FA66F79-3EB9-4667-908F-064C9D82092F}.Release|Any CPU.ActiveCfg = Release|Any CPU
		{3FA66F79-3EB9-4667-908F-064C9D82092F}.Release|Any CPU.Build.0 = Release|Any CPU
		{C054EFE7-65F4-457E-BF66-5B8E41040609}.Debug|Any CPU.ActiveCfg = Debug|Any CPU
		{C054EFE7-65F4-457E-BF66-5B8E41040609}.Debug|Any CPU.Build.0 = Debug|Any CPU
		{C054EFE7-65F4-457E-BF66-5B8E41040609}.Release|Any CPU.ActiveCfg = Release|Any CPU
		{C054EFE7-65F4-457E-BF66-5B8E41040609}.Release|Any CPU.Build.0 = Release|Any CPU
		{09CD3BA6-B67E-4AAD-8C56-0351949B0F83}.Debug|Any CPU.ActiveCfg = Debug|Any CPU
		{09CD3BA6-B67E-4AAD-8C56-0351949B0F83}.Debug|Any CPU.Build.0 = Debug|Any CPU
		{09CD3BA6-B67E-4AAD-8C56-0351949B0F83}.Release|Any CPU.ActiveCfg = Release|Any CPU
		{09CD3BA6-B67E-4AAD-8C56-0351949B0F83}.Release|Any CPU.Build.0 = Release|Any CPU
		{B7D245A7-17C4-4189-A60D-9CD19161FEEC}.Debug|Any CPU.ActiveCfg = Debug|Any CPU
		{B7D245A7-17C4-4189-A60D-9CD19161FEEC}.Debug|Any CPU.Build.0 = Debug|Any CPU
		{B7D245A7-17C4-4189-A60D-9CD19161FEEC}.Release|Any CPU.ActiveCfg = Release|Any CPU
		{B7D245A7-17C4-4189-A60D-9CD19161FEEC}.Release|Any CPU.Build.0 = Release|Any CPU
		{3ABE58EE-03E3-42E4-AA15-C5591263788D}.Debug|Any CPU.ActiveCfg = Debug|Any CPU
		{3ABE58EE-03E3-42E4-AA15-C5591263788D}.Debug|Any CPU.Build.0 = Debug|Any CPU
		{3ABE58EE-03E3-42E4-AA15-C5591263788D}.Release|Any CPU.ActiveCfg = Release|Any CPU
		{3ABE58EE-03E3-42E4-AA15-C5591263788D}.Release|Any CPU.Build.0 = Release|Any CPU
	EndGlobalSection
EndGlobal
